
Microsoft Visual Studio Solution File, Format Version 12.00
# Visual Studio Version 16
VisualStudioVersion = 16.0.28803.352
MinimumVisualStudioVersion = 10.0.40219.1
Project("{FAE04EC0-301F-11D3-BF4B-00C04F79EFBC}") = "AppTerminal", "AppTerminal\AppTerminal.csproj", "{DBDAA13B-E93D-447E-ACAA-64B025EA652C}"
EndProject
Global
	GlobalSection(SolutionConfigurationPlatforms) = preSolution
		Debug|Any CPU = Debug|Any CPU
		Release|Any CPU = Release|Any CPU
	EndGlobalSection
	GlobalSection(ProjectConfigurationPlatforms) = postSolution
		{DBDAA13B-E93D-447E-ACAA-64B025EA652C}.Debug|Any CPU.ActiveCfg = Debug|Any CPU
		{DBDAA13B-E93D-447E-ACAA-64B025EA652C}.Debug|Any CPU.Build.0 = Debug|Any CPU
		{DBDAA13B-E93D-447E-ACAA-64B025EA652C}.Release|Any CPU.ActiveCfg = Release|Any CPU
		{DBDAA13B-E93D-447E-ACAA-64B025EA652C}.Release|Any CPU.Build.0 = Release|Any CPU
	EndGlobalSection
	GlobalSection(SolutionProperties) = preSolution
		HideSolutionNode = FALSE
	EndGlobalSection
	GlobalSection(ExtensibilityGlobals) = postSolution
		SolutionGuid = {4A766CDE-D6E2-4EF8-B790-082568836392}
	EndGlobalSection
EndGlobal
